
Microsoft Visual Studio Solution File, Format Version 12.00
# Visual Studio 15
VisualStudioVersion = 15.0.27703.2047
MinimumVisualStudioVersion = 10.0.40219.1
Project("{FAE04EC0-301F-11D3-BF4B-00C04F79EFBC}") = "Desktop-Mascot", "Desktop-Mascot\Desktop-Mascot.csproj", "{BACF0000-16CB-4789-BE20-47F29D684097}"
EndProject
Global
	GlobalSection(SolutionConfigurationPlatforms) = preSolution
		Debug|Any CPU = Debug|Any CPU
		Release|Any CPU = Release|Any CPU
	EndGlobalSection
	GlobalSection(ProjectConfigurationPlatforms) = postSolution
		{BACF0000-16CB-4789-BE20-47F29D684097}.Debug|Any CPU.ActiveCfg = Debug|Any CPU
		{BACF0000-16CB-4789-BE20-47F29D684097}.Debug|Any CPU.Build.0 = Debug|Any CPU
		{BACF0000-16CB-4789-BE20-47F29D684097}.Release|Any CPU.ActiveCfg = Release|Any CPU
		{BACF0000-16CB-4789-BE20-47F29D684097}.Release|Any CPU.Build.0 = Release|Any CPU
	EndGlobalSection
	GlobalSection(SolutionProperties) = preSolution
		HideSolutionNode = FALSE
	EndGlobalSection
	GlobalSection(ExtensibilityGlobals) = postSolution
		SolutionGuid = {FE0A2778-079B-42B3-BB7B-448165115F4D}
	EndGlobalSection
EndGlobal
